// !$*UTF8*$!
{
	archiveVersion = 1;
	classes = {
	};
	objectVersion = 46;
	objects = {

/* Begin PBXBuildFile section */
		C5293CD21EA6D9BF00E86DFE /* AppDelegate.swift in Sources */ = {isa = PBXBuildFile; fileRef = C5293CD11EA6D9BF00E86DFE /* AppDelegate.swift */; };
		C5293CD41EA6D9BF00E86DFE /* CoreDataTableVC.swift in Sources */ = {isa = PBXBuildFile; fileRef = C5293CD31EA6D9BF00E86DFE /* CoreDataTableVC.swift */; };
		C5293CD71EA6D9BF00E86DFE /* Main.storyboard in Resources */ = {isa = PBXBuildFile; fileRef = C5293CD51EA6D9BF00E86DFE /* Main.storyboard */; };
		C5293CDA1EA6D9BF00E86DFE /* CoreData_Big0.xcdatamodeld in Sources */ = {isa = PBXBuildFile; fileRef = C5293CD81EA6D9BF00E86DFE /* CoreData_Big0.xcdatamodeld */; };
		C5293CDC1EA6D9BF00E86DFE /* Assets.xcassets in Resources */ = {isa = PBXBuildFile; fileRef = C5293CDB1EA6D9BF00E86DFE /* Assets.xcassets */; };
		C5293CDF1EA6D9BF00E86DFE /* LaunchScreen.storyboard in Resources */ = {isa = PBXBuildFile; fileRef = C5293CDD1EA6D9BF00E86DFE /* LaunchScreen.storyboard */; };
		C5293CEA1EA6D9BF00E86DFE /* CoreData_Big0Tests.swift in Sources */ = {isa = PBXBuildFile; fileRef = C5293CE91EA6D9BF00E86DFE /* CoreData_Big0Tests.swift */; };
		C5293CF51EA6D9BF00E86DFE /* CoreData_Big0UITests.swift in Sources */ = {isa = PBXBuildFile; fileRef = C5293CF41EA6D9BF00E86DFE /* CoreData_Big0UITests.swift */; };
		C5293D031EA6DA2B00E86DFE /* CoreDataTableCell.swift in Sources */ = {isa = PBXBuildFile; fileRef = C5293D021EA6DA2B00E86DFE /* CoreDataTableCell.swift */; };
/* End PBXBuildFile section */

/* Begin PBXContainerItemProxy section */
		C5293CE61EA6D9BF00E86DFE /* PBXContainerItemProxy */ = {
			isa = PBXContainerItemProxy;
			containerPortal = C5293CC61EA6D9BF00E86DFE /* Project object */;
			proxyType = 1;
			remoteGlobalIDString = C5293CCD1EA6D9BF00E86DFE;
			remoteInfo = CoreData_Big0;
		};
		C5293CF11EA6D9BF00E86DFE /* PBXContainerItemProxy */ = {
			isa = PBXContainerItemProxy;
			containerPortal = C5293CC61EA6D9BF00E86DFE /* Project object */;
			proxyType = 1;
			remoteGlobalIDString = C5293CCD1EA6D9BF00E86DFE;
			remoteInfo = CoreData_Big0;
		};
/* End PBXContainerItemProxy section */

/* Begin PBXFileReference section */
		C5293CCE1EA6D9BF00E86DFE /* CoreData_Big0.app */ = {isa = PBXFileReference; explicitFileType = wrapper.application; includeInIndex = 0; path = CoreData_Big0.app; sourceTree = BUILT_PRODUCTS_DIR; };
		C5293CD11EA6D9BF00E86DFE /* AppDelegate.swift */ = {isa = PBXFileReference; lastKnownFileType = sourcecode.swift; path = AppDelegate.swift; sourceTree = "<group>"; };
		C5293CD31EA6D9BF00E86DFE /* CoreDataTableVC.swift */ = {isa = PBXFileReference; lastKnownFileType = sourcecode.swift; path = CoreDataTableVC.swift; sourceTree = "<group>"; };
		C5293CD61EA6D9BF00E86DFE /* Base */ = {isa = PBXFileReference; lastKnownFileType = file.storyboard; name = Base; path = Base.lproj/Main.storyboard; sourceTree = "<group>"; };
		C5293CD91EA6D9BF00E86DFE /* CoreData_Big0.xcdatamodel */ = {isa = PBXFileReference; lastKnownFileType = wrapper.xcdatamodel; path = CoreData_Big0.xcdatamodel; sourceTree = "<group>"; };
		C5293CDB1EA6D9BF00E86DFE /* Assets.xcassets */ = {isa = PBXFileReference; lastKnownFileType = folder.assetcatalog; path = Assets.xcassets; sourceTree = "<group>"; };
		C5293CDE1EA6D9BF00E86DFE /* Base */ = {isa = PBXFileReference; lastKnownFileType = file.storyboard; name = Base; path = Base.lproj/LaunchScreen.storyboard; sourceTree = "<group>"; };
		C5293CE01EA6D9BF00E86DFE /* Info.plist */ = {isa = PBXFileReference; lastKnownFileType = text.plist.xml; path = Info.plist; sourceTree = "<group>"; };
		C5293CE51EA6D9BF00E86DFE /* CoreData_Big0Tests.xctest */ = {isa = PBXFileReference; explicitFileType = wrapper.cfbundle; includeInIndex = 0; path = CoreData_Big0Tests.xctest; sourceTree = BUILT_PRODUCTS_DIR; };
		C5293CE91EA6D9BF00E86DFE /* CoreData_Big0Tests.swift */ = {isa = PBXFileReference; lastKnownFileType = sourcecode.swift; path = CoreData_Big0Tests.swift; sourceTree = "<group>"; };
		C5293CEB1EA6D9BF00E86DFE /* Info.plist */ = {isa = PBXFileReference; lastKnownFileType = text.plist.xml; path = Info.plist; sourceTree = "<group>"; };
		C5293CF01EA6D9BF00E86DFE /* CoreData_Big0UITests.xctest */ = {isa = PBXFileReference; explicitFileType = wrapper.cfbundle; includeInIndex = 0; path = CoreData_Big0UITests.xctest; sourceTree = BUILT_PRODUCTS_DIR; };
		C5293CF41EA6D9BF00E86DFE /* CoreData_Big0UITests.swift */ = {isa = PBXFileReference; lastKnownFileType = sourcecode.swift; path = CoreData_Big0UITests.swift; sourceTree = "<group>"; };
		C5293CF61EA6D9BF00E86DFE /* Info.plist */ = {isa = PBXFileReference; lastKnownFileType = text.plist.xml; path = Info.plist; sourceTree = "<group>"; };
		C5293D021EA6DA2B00E86DFE /* CoreDataTableCell.swift */ = {isa = PBXFileReference; fileEncoding = 4; lastKnownFileType = sourcecode.swift; path = CoreDataTableCell.swift; sourceTree = "<group>"; };
/* End PBXFileReference section */

/* Begin PBXFrameworksBuildPhase section */
		C5293CCB1EA6D9BF00E86DFE /* Frameworks */ = {
			isa = PBXFrameworksBuildPhase;
			buildActionMask = 2147483647;
			files = (
			);
			runOnlyForDeploymentPostprocessing = 0;
		};
		C5293CE21EA6D9BF00E86DFE /* Frameworks */ = {
			isa = PBXFrameworksBuildPhase;
			buildActionMask = 2147483647;
			files = (
			);
			runOnlyForDeploymentPostprocessing = 0;
		};
		C5293CED1EA6D9BF00E86DFE /* Frameworks */ = {
			isa = PBXFrameworksBuildPhase;
			buildActionMask = 2147483647;
			files = (
			);
			runOnlyForDeploymentPostprocessing = 0;
		};
/* End PBXFrameworksBuildPhase section */

/* Begin PBXGroup section */
		C5293CC51EA6D9BF00E86DFE = {
			isa = PBXGroup;
			children = (
				C5293CD01EA6D9BF00E86DFE /* CoreData_Big0 */,
				C5293CE81EA6D9BF00E86DFE /* CoreData_Big0Tests */,
				C5293CF31EA6D9BF00E86DFE /* CoreData_Big0UITests */,
				C5293CCF1EA6D9BF00E86DFE /* Products */,
			);
			sourceTree = "<group>";
		};
		C5293CCF1EA6D9BF00E86DFE /* Products */ = {
			isa = PBXGroup;
			children = (
				C5293CCE1EA6D9BF00E86DFE /* CoreData_Big0.app */,
				C5293CE51EA6D9BF00E86DFE /* CoreData_Big0Tests.xctest */,
				C5293CF01EA6D9BF00E86DFE /* CoreData_Big0UITests.xctest */,
			);
			name = Products;
			sourceTree = "<group>";
		};
		C5293CD01EA6D9BF00E86DFE /* CoreData_Big0 */ = {
			isa = PBXGroup;
			children = (
				C5293CD11EA6D9BF00E86DFE /* AppDelegate.swift */,
				C5293CD31EA6D9BF00E86DFE /* CoreDataTableVC.swift */,
				C5293D021EA6DA2B00E86DFE /* CoreDataTableCell.swift */,
				C5293CD51EA6D9BF00E86DFE /* Main.storyboard */,
				C5293CDB1EA6D9BF00E86DFE /* Assets.xcassets */,
				C5293CDD1EA6D9BF00E86DFE /* LaunchScreen.storyboard */,
				C5293CE01EA6D9BF00E86DFE /* Info.plist */,
				C5293CD81EA6D9BF00E86DFE /* CoreData_Big0.xcdatamodeld */,
			);
			path = CoreData_Big0;
			sourceTree = "<group>";
		};
		C5293CE81EA6D9BF00E86DFE /* CoreData_Big0Tests */ = {
			isa = PBXGroup;
			children = (
				C5293CE91EA6D9BF00E86DFE /* CoreData_Big0Tests.swift */,
				C5293CEB1EA6D9BF00E86DFE /* Info.plist */,
			);
			path = CoreData_Big0Tests;
			sourceTree = "<group>";
		};
		C5293CF31EA6D9BF00E86DFE /* CoreData_Big0UITests */ = {
			isa = PBXGroup;
			children = (
				C5293CF41EA6D9BF00E86DFE /* CoreData_Big0UITests.swift */,
				C5293CF61EA6D9BF00E86DFE /* Info.plist */,
			);
			path = CoreData_Big0UITests;
			sourceTree = "<group>";
		};
/* End PBXGroup section */

/* Begin PBXNativeTarget section */
		C5293CCD1EA6D9BF00E86DFE /* CoreData_Big0 */ = {
			isa = PBXNativeTarget;
			buildConfigurationList = C5293CF91EA6D9BF00E86DFE /* Build configuration list for PBXNativeTarget "CoreData_Big0" */;
			buildPhases = (
				C5293CCA1EA6D9BF00E86DFE /* Sources */,
				C5293CCB1EA6D9BF00E86DFE /* Frameworks */,
				C5293CCC1EA6D9BF00E86DFE /* Resources */,
			);
			buildRules = (
			);
			dependencies = (
			);
			name = CoreData_Big0;
			productName = CoreData_Big0;
			productReference = C5293CCE1EA6D9BF00E86DFE /* CoreData_Big0.app */;
			productType = "com.apple.product-type.application";
		};
		C5293CE41EA6D9BF00E86DFE /* CoreData_Big0Tests */ = {
			isa = PBXNativeTarget;
			buildConfigurationList = C5293CFC1EA6D9BF00E86DFE /* Build configuration list for PBXNativeTarget "CoreData_Big0Tests" */;
			buildPhases = (
				C5293CE11EA6D9BF00E86DFE /* Sources */,
				C5293CE21EA6D9BF00E86DFE /* Frameworks */,
				C5293CE31EA6D9BF00E86DFE /* Resources */,
			);
			buildRules = (
			);
			dependencies = (
				C5293CE71EA6D9BF00E86DFE /* PBXTargetDependency */,
			);
			name = CoreData_Big0Tests;
			productName = CoreData_Big0Tests;
			productReference = C5293CE51EA6D9BF00E86DFE /* CoreData_Big0Tests.xctest */;
			productType = "com.apple.product-type.bundle.unit-test";
		};
		C5293CEF1EA6D9BF00E86DFE /* CoreData_Big0UITests */ = {
			isa = PBXNativeTarget;
			buildConfigurationList = C5293CFF1EA6D9BF00E86DFE /* Build configuration list for PBXNativeTarget "CoreData_Big0UITests" */;
			buildPhases = (
				C5293CEC1EA6D9BF00E86DFE /* Sources */,
				C5293CED1EA6D9BF00E86DFE /* Frameworks */,
				C5293CEE1EA6D9BF00E86DFE /* Resources */,
			);
			buildRules = (
			);
			dependencies = (
				C5293CF21EA6D9BF00E86DFE /* PBXTargetDependency */,
			);
			name = CoreData_Big0UITests;
			productName = CoreData_Big0UITests;
			productReference = C5293CF01EA6D9BF00E86DFE /* CoreData_Big0UITests.xctest */;
			productType = "com.apple.product-type.bundle.ui-testing";
		};
/* End PBXNativeTarget section */

/* Begin PBXProject section */
		C5293CC61EA6D9BF00E86DFE /* Project object */ = {
			isa = PBXProject;
			attributes = {
				LastSwiftUpdateCheck = 0830;
				LastUpgradeCheck = 0830;
				ORGANIZATIONNAME = DucPT;
				TargetAttributes = {
					C5293CCD1EA6D9BF00E86DFE = {
						CreatedOnToolsVersion = 8.3.1;
						ProvisioningStyle = Automatic;
					};
					C5293CE41EA6D9BF00E86DFE = {
						CreatedOnToolsVersion = 8.3.1;
						ProvisioningStyle = Automatic;
						TestTargetID = C5293CCD1EA6D9BF00E86DFE;
					};
					C5293CEF1EA6D9BF00E86DFE = {
						CreatedOnToolsVersion = 8.3.1;
						ProvisioningStyle = Automatic;
						TestTargetID = C5293CCD1EA6D9BF00E86DFE;
					};
				};
			};
			buildConfigurationList = C5293CC91EA6D9BF00E86DFE /* Build configuration list for PBXProject "CoreData_Big0" */;
			compatibilityVersion = "Xcode 3.2";
			developmentRegion = English;
			hasScannedForEncodings = 0;
			knownRegions = (
				en,
				Base,
			);
			mainGroup = C5293CC51EA6D9BF00E86DFE;
			productRefGroup = C5293CCF1EA6D9BF00E86DFE /* Products */;
			projectDirPath = "";
			projectRoot = "";
			targets = (
				C5293CCD1EA6D9BF00E86DFE /* CoreData_Big0 */,
				C5293CE41EA6D9BF00E86DFE /* CoreData_Big0Tests */,
				C5293CEF1EA6D9BF00E86DFE /* CoreData_Big0UITests */,
			);
		};
/* End PBXProject section */

/* Begin PBXResourcesBuildPhase section */
		C5293CCC1EA6D9BF00E86DFE /* Resources */ = {
			isa = PBXResourcesBuildPhase;
			buildActionMask = 2147483647;
			files = (
				C5293CDF1EA6D9BF00E86DFE /* LaunchScreen.storyboard in Resources */,
				C5293CDC1EA6D9BF00E86DFE /* Assets.xcassets in Resources */,
				C5293CD71EA6D9BF00E86DFE /* Main.storyboard in Resources */,
			);
			runOnlyForDeploymentPostprocessing = 0;
		};
		C5293CE31EA6D9BF00E86DFE /* Resources */ = {
			isa = PBXResourcesBuildPhase;
			buildActionMask = 2147483647;
			files = (
			);
			runOnlyForDeploymentPostprocessing = 0;
		};
		C5293CEE1EA6D9BF00E86DFE /* Resources */ = {
			isa = PBXResourcesBuildPhase;
			buildActionMask = 2147483647;
			files = (
			);
			runOnlyForDeploymentPostprocessing = 0;
		};
/* End PBXResourcesBuildPhase section */

/* Begin PBXSourcesBuildPhase section */
		C5293CCA1EA6D9BF00E86DFE /* Sources */ = {
			isa = PBXSourcesBuildPhase;
			buildActionMask = 2147483647;
			files = (
				C5293CD41EA6D9BF00E86DFE /* CoreDataTableVC.swift in Sources */,
				C5293D031EA6DA2B00E86DFE /* CoreDataTableCell.swift in Sources */,
				C5293CDA1EA6D9BF00E86DFE /* CoreData_Big0.xcdatamodeld in Sources */,
				C5293CD21EA6D9BF00E86DFE /* AppDelegate.swift in Sources */,
			);
			runOnlyForDeploymentPostprocessing = 0;
		};
		C5293CE11EA6D9BF00E86DFE /* Sources */ = {
			isa = PBXSourcesBuildPhase;
			buildActionMask = 2147483647;
			files = (
				C5293CEA1EA6D9BF00E86DFE /* CoreData_Big0Tests.swift in Sources */,
			);
			runOnlyForDeploymentPostprocessing = 0;
		};
		C5293CEC1EA6D9BF00E86DFE /* Sources */ = {
			isa = PBXSourcesBuildPhase;
			buildActionMask = 2147483647;
			files = (
				C5293CF51EA6D9BF00E86DFE /* CoreData_Big0UITests.swift in Sources */,
			);
			runOnlyForDeploymentPostprocessing = 0;
		};
/* End PBXSourcesBuildPhase section */

/* Begin PBXTargetDependency section */
		C5293CE71EA6D9BF00E86DFE /* PBXTargetDependency */ = {
			isa = PBXTargetDependency;
			target = C5293CCD1EA6D9BF00E86DFE /* CoreData_Big0 */;
			targetProxy = C5293CE61EA6D9BF00E86DFE /* PBXContainerItemProxy */;
		};
		C5293CF21EA6D9BF00E86DFE /* PBXTargetDependency */ = {
			isa = PBXTargetDependency;
			target = C5293CCD1EA6D9BF00E86DFE /* CoreData_Big0 */;
			targetProxy = C5293CF11EA6D9BF00E86DFE /* PBXContainerItemProxy */;
		};
/* End PBXTargetDependency section */

/* Begin PBXVariantGroup section */
		C5293CD51EA6D9BF00E86DFE /* Main.storyboard */ = {
			isa = PBXVariantGroup;
			children = (
				C5293CD61EA6D9BF00E86DFE /* Base */,
			);
			name = Main.storyboard;
			sourceTree = "<group>";
		};
		C5293CDD1EA6D9BF00E86DFE /* LaunchScreen.storyboard */ = {
			isa = PBXVariantGroup;
			children = (
				C5293CDE1EA6D9BF00E86DFE /* Base */,
			);
			name = LaunchScreen.storyboard;
			sourceTree = "<group>";
		};
/* End PBXVariantGroup section */

/* Begin XCBuildConfiguration section */
		C5293CF71EA6D9BF00E86DFE /* Debug */ = {
			isa = XCBuildConfiguration;
			buildSettings = {
				ALWAYS_SEARCH_USER_PATHS = NO;
				CLANG_ANALYZER_NONNULL = YES;
				CLANG_ANALYZER_NUMBER_OBJECT_CONVERSION = YES_AGGRESSIVE;
				CLANG_CXX_LANGUAGE_STANDARD = "gnu++0x";
				CLANG_CXX_LIBRARY = "libc++";
				CLANG_ENABLE_MODULES = YES;
				CLANG_ENABLE_OBJC_ARC = YES;
				CLANG_WARN_BOOL_CONVERSION = YES;
				CLANG_WARN_CONSTANT_CONVERSION = YES;
				CLANG_WARN_DIRECT_OBJC_ISA_USAGE = YES_ERROR;
				CLANG_WARN_DOCUMENTATION_COMMENTS = YES;
				CLANG_WARN_EMPTY_BODY = YES;
				CLANG_WARN_ENUM_CONVERSION = YES;
				CLANG_WARN_INFINITE_RECURSION = YES;
				CLANG_WARN_INT_CONVERSION = YES;
				CLANG_WARN_OBJC_ROOT_CLASS = YES_ERROR;
				CLANG_WARN_SUSPICIOUS_MOVE = YES;
				CLANG_WARN_UNREACHABLE_CODE = YES;
				CLANG_WARN__DUPLICATE_METHOD_MATCH = YES;
				"CODE_SIGN_IDENTITY[sdk=iphoneos*]" = "iPhone Developer";
				COPY_PHASE_STRIP = NO;
				DEBUG_INFORMATION_FORMAT = dwarf;
				ENABLE_STRICT_OBJC_MSGSEND = YES;
				ENABLE_TESTABILITY = YES;
				GCC_C_LANGUAGE_STANDARD = gnu99;
				GCC_DYNAMIC_NO_PIC = NO;
				GCC_NO_COMMON_BLOCKS = YES;
				GCC_OPTIMIZATION_LEVEL = 0;
				GCC_PREPROCESSOR_DEFINITIONS = (
					"DEBUG=1",
					"$(inherited)",
				);
				GCC_WARN_64_TO_32_BIT_CONVERSION = YES;
				GCC_WARN_ABOUT_RETURN_TYPE = YES_ERROR;
				GCC_WARN_UNDECLARED_SELECTOR = YES;
				GCC_WARN_UNINITIALIZED_AUTOS = YES_AGGRESSIVE;
				GCC_WARN_UNUSED_FUNCTION = YES;
				GCC_WARN_UNUSED_VARIABLE = YES;
				IPHONEOS_DEPLOYMENT_TARGET = 10.3;
				MTL_ENABLE_DEBUG_INFO = YES;
				ONLY_ACTIVE_ARCH = YES;
				SDKROOT = iphoneos;
				SWIFT_ACTIVE_COMPILATION_CONDITIONS = DEBUG;
				SWIFT_OPTIMIZATION_LEVEL = "-Onone";
				TARGETED_DEVICE_FAMILY = "1,2";
			};
			name = Debug;
		};
		C5293CF81EA6D9BF00E86DFE /* Release */ = {
			isa = XCBuildConfiguration;
			buildSettings = {
				ALWAYS_SEARCH_USER_PATHS = NO;
				CLANG_ANALYZER_NONNULL = YES;
				CLANG_ANALYZER_NUMBER_OBJECT_CONVERSION = YES_AGGRESSIVE;
				CLANG_CXX_LANGUAGE_STANDARD = "gnu++0x";
				CLANG_CXX_LIBRARY = "libc++";
				CLANG_ENABLE_MODULES = YES;
				CLANG_ENABLE_OBJC_ARC = YES;
				CLANG_WARN_BOOL_CONVERSION = YES;
				CLANG_WARN_CONSTANT_CONVERSION = YES;
				CLANG_WARN_DIRECT_OBJC_ISA_USAGE = YES_ERROR;
				CLANG_WARN_DOCUMENTATION_COMMENTS = YES;
				CLANG_WARN_EMPTY_BODY = YES;
				CLANG_WARN_ENUM_CONVERSION = YES;
				CLANG_WARN_INFINITE_RECURSION = YES;
				CLANG_WARN_INT_CONVERSION = YES;
				CLANG_WARN_OBJC_ROOT_CLASS = YES_ERROR;
				CLANG_WARN_SUSPICIOUS_MOVE = YES;
				CLANG_WARN_UNREACHABLE_CODE = YES;
				CLANG_WARN__DUPLICATE_METHOD_MATCH = YES;
				"CODE_SIGN_IDENTITY[sdk=iphoneos*]" = "iPhone Developer";
				COPY_PHASE_STRIP = NO;
				DEBUG_INFORMATION_FORMAT = "dwarf-with-dsym";
				ENABLE_NS_ASSERTIONS = NO;
				ENABLE_STRICT_OBJC_MSGSEND = YES;
				GCC_C_LANGUAGE_STANDARD = gnu99;
				GCC_NO_COMMON_BLOCKS = YES;
				GCC_WARN_64_TO_32_BIT_CONVERSION = YES;
				GCC_WARN_ABOUT_RETURN_TYPE = YES_ERROR;
				GCC_WARN_UNDECLARED_SELECTOR = YES;
				GCC_WARN_UNINITIALIZED_AUTOS = YES_AGGRESSIVE;
				GCC_WARN_UNUSED_FUNCTION = YES;
				GCC_WARN_UNUSED_VARIABLE = YES;
				IPHONEOS_DEPLOYMENT_TARGET = 10.3;
				MTL_ENABLE_DEBUG_INFO = NO;
				SDKROOT = iphoneos;
				SWIFT_OPTIMIZATION_LEVEL = "-Owholemodule";
				TARGETED_DEVICE_FAMILY = "1,2";
				VALIDATE_PRODUCT = YES;
			};
			name = Release;
		};
		C5293CFA1EA6D9BF00E86DFE /* Debug */ = {
			isa = XCBuildConfiguration;
			buildSettings = {
				ASSETCATALOG_COMPILER_APPICON_NAME = AppIcon;
				INFOPLIST_FILE = CoreData_Big0/Info.plist;
				LD_RUNPATH_SEARCH_PATHS = "$(inherited) @executable_path/Frameworks";
				PRODUCT_BUNDLE_IDENTIFIER = "DucPT.CoreData-Big0";
				PRODUCT_NAME = "$(TARGET_NAME)";
				SWIFT_VERSION = 3.0;
			};
			name = Debug;
		};
		C5293CFB1EA6D9BF00E86DFE /* Release */ = {
			isa = XCBuildConfiguration;
			buildSettings = {
				ASSETCATALOG_COMPILER_APPICON_NAME = AppIcon;
				INFOPLIST_FILE = CoreData_Big0/Info.plist;
				LD_RUNPATH_SEARCH_PATHS = "$(inherited) @executable_path/Frameworks";
				PRODUCT_BUNDLE_IDENTIFIER = "DucPT.CoreData-Big0";
				PRODUCT_NAME = "$(TARGET_NAME)";
				SWIFT_VERSION = 3.0;
			};
			name = Release;
		};
		C5293CFD1EA6D9BF00E86DFE /* Debug */ = {
			isa = XCBuildConfiguration;
			buildSettings = {
				ALWAYS_EMBED_SWIFT_STANDARD_LIBRARIES = YES;
				BUNDLE_LOADER = "$(TEST_HOST)";
				INFOPLIST_FILE = CoreData_Big0Tests/Info.plist;
				LD_RUNPATH_SEARCH_PATHS = "$(inherited) @executable_path/Frameworks @loader_path/Frameworks";
				PRODUCT_BUNDLE_IDENTIFIER = "DucPT.CoreData-Big0Tests";
				PRODUCT_NAME = "$(TARGET_NAME)";
				SWIFT_VERSION = 3.0;
				TEST_HOST = "$(BUILT_PRODUCTS_DIR)/CoreData_Big0.app/CoreData_Big0";
			};
			name = Debug;
		};
		C5293CFE1EA6D9BF00E86DFE /* Release */ = {
			isa = XCBuildConfiguration;
			buildSettings = {
				ALWAYS_EMBED_SWIFT_STANDARD_LIBRARIES = YES;
				BUNDLE_LOADER = "$(TEST_HOST)";
				INFOPLIST_FILE = CoreData_Big0Tests/Info.plist;
				LD_RUNPATH_SEARCH_PATHS = "$(inherited) @executable_path/Frameworks @loader_path/Frameworks";
				PRODUCT_BUNDLE_IDENTIFIER = "DucPT.CoreData-Big0Tests";
				PRODUCT_NAME = "$(TARGET_NAME)";
				SWIFT_VERSION = 3.0;
				TEST_HOST = "$(BUILT_PRODUCTS_DIR)/CoreData_Big0.app/CoreData_Big0";
			};
			name = Release;
		};
		C5293D001EA6D9BF00E86DFE /* Debug */ = {
			isa = XCBuildConfiguration;
			buildSettings = {
				ALWAYS_EMBED_SWIFT_STANDARD_LIBRARIES = YES;
				INFOPLIST_FILE = CoreData_Big0UITests/Info.plist;
				LD_RUNPATH_SEARCH_PATHS = "$(inherited) @executable_path/Frameworks @loader_path/Frameworks";
				PRODUCT_BUNDLE_IDENTIFIER = "DucPT.CoreData-Big0UITests";
				PRODUCT_NAME = "$(TARGET_NAME)";
				SWIFT_VERSION = 3.0;
				TEST_TARGET_NAME = CoreData_Big0;
			};
			name = Debug;
		};
		C5293D011EA6D9BF00E86DFE /* Release */ = {
			isa = XCBuildConfiguration;
			buildSettings = {
				ALWAYS_EMBED_SWIFT_STANDARD_LIBRARIES = YES;
				INFOPLIST_FILE = CoreData_Big0UITests/Info.plist;
				LD_RUNPATH_SEARCH_PATHS = "$(inherited) @executable_path/Frameworks @loader_path/Frameworks";
				PRODUCT_BUNDLE_IDENTIFIER = "DucPT.CoreData-Big0UITests";
				PRODUCT_NAME = "$(TARGET_NAME)";
				SWIFT_VERSION = 3.0;
				TEST_TARGET_NAME = CoreData_Big0;
			};
			name = Release;
		};
/* End XCBuildConfiguration section */

/* Begin XCConfigurationList section */
		C5293CC91EA6D9BF00E86DFE /* Build configuration list for PBXProject "CoreData_Big0" */ = {
			isa = XCConfigurationList;
			buildConfigurations = (
				C5293CF71EA6D9BF00E86DFE /* Debug */,
				C5293CF81EA6D9BF00E86DFE /* Release */,
			);
			defaultConfigurationIsVisible = 0;
			defaultConfigurationName = Release;
		};
		C5293CF91EA6D9BF00E86DFE /* Build configuration list for PBXNativeTarget "CoreData_Big0" */ = {
			isa = XCConfigurationList;
			buildConfigurations = (
				C5293CFA1EA6D9BF00E86DFE /* Debug */,
				C5293CFB1EA6D9BF00E86DFE /* Release */,
			);
			defaultConfigurationIsVisible = 0;
		};
		C5293CFC1EA6D9BF00E86DFE /* Build configuration list for PBXNativeTarget "CoreData_Big0Tests" */ = {
			isa = XCConfigurationList;
			buildConfigurations = (
				C5293CFD1EA6D9BF00E86DFE /* Debug */,
				C5293CFE1EA6D9BF00E86DFE /* Release */,
			);
			defaultConfigurationIsVisible = 0;
		};
		C5293CFF1EA6D9BF00E86DFE /* Build configuration list for PBXNativeTarget "CoreData_Big0UITests" */ = {
			isa = XCConfigurationList;
			buildConfigurations = (
				C5293D001EA6D9BF00E86DFE /* Debug */,
				C5293D011EA6D9BF00E86DFE /* Release */,
			);
			defaultConfigurationIsVisible = 0;
		};
/* End XCConfigurationList section */

/* Begin XCVersionGroup section */
		C5293CD81EA6D9BF00E86DFE /* CoreData_Big0.xcdatamodeld */ = {
			isa = XCVersionGroup;
			children = (
				C5293CD91EA6D9BF00E86DFE /* CoreData_Big0.xcdatamodel */,
			);
			currentVersion = C5293CD91EA6D9BF00E86DFE /* CoreData_Big0.xcdatamodel */;
			path = CoreData_Big0.xcdatamodeld;
			sourceTree = "<group>";
			versionGroupType = wrapper.xcdatamodel;
		};
/* End XCVersionGroup section */
	};
	rootObject = C5293CC61EA6D9BF00E86DFE /* Project object */;
}
